
Microsoft Visual Studio Solution File, Format Version 12.00
# Visual Studio 15
VisualStudioVersion = 15.0.28307.1433
MinimumVisualStudioVersion = 10.0.40219.1
Project("{FAE04EC0-301F-11D3-BF4B-00C04F79EFBC}") = "Расчет отпускных", "Расчет отпускных\Расчет отпускных.csproj", "{C056CB7B-1159-4E37-A340-DC078246D027}"
EndProject
Global
	GlobalSection(SolutionConfigurationPlatforms) = preSolution
		Debug|Any CPU = Debug|Any CPU
		Release|Any CPU = Release|Any CPU
	EndGlobalSection
	GlobalSection(ProjectConfigurationPlatforms) = postSolution
		{C056CB7B-1159-4E37-A340-DC078246D027}.Debug|Any CPU.ActiveCfg = Debug|Any CPU
		{C056CB7B-1159-4E37-A340-DC078246D027}.Debug|Any CPU.Build.0 = Debug|Any CPU
		{C056CB7B-1159-4E37-A340-DC078246D027}.Release|Any CPU.ActiveCfg = Release|Any CPU
		{C056CB7B-1159-4E37-A340-DC078246D027}.Release|Any CPU.Build.0 = Release|Any CPU
	EndGlobalSection
	GlobalSection(SolutionProperties) = preSolution
		HideSolutionNode = FALSE
	EndGlobalSection
	GlobalSection(ExtensibilityGlobals) = postSolution
		SolutionGuid = {00389B23-FBC8-4E37-BC28-18F9093CCE5F}
	EndGlobalSection
EndGlobal
